
Microsoft Visual Studio Solution File, Format Version 11.00
# Visual Studio 2010
Project("{FAE04EC0-301F-11D3-BF4B-00C04F79EFBC}") = "ClassesLabCompleted", "ClassesLabCompleted\ClassesLabCompleted.csproj", "{B686872A-2231-4A82-9D01-99B9A1088392}"
EndProject
Global
	GlobalSection(SolutionConfigurationPlatforms) = preSolution
		Debug|Any CPU = Debug|Any CPU
		Release|Any CPU = Release|Any CPU
	EndGlobalSection
	GlobalSection(ProjectConfigurationPlatforms) = postSolution
		{B686872A-2231-4A82-9D01-99B9A1088392}.Debug|Any CPU.ActiveCfg = Debug|Any CPU
		{B686872A-2231-4A82-9D01-99B9A1088392}.Debug|Any CPU.Build.0 = Debug|Any CPU
		{B686872A-2231-4A82-9D01-99B9A1088392}.Release|Any CPU.ActiveCfg = Release|Any CPU
		{B686872A-2231-4A82-9D01-99B9A1088392}.Release|Any CPU.Build.0 = Release|Any CPU
	EndGlobalSection
	GlobalSection(SolutionProperties) = preSolution
		HideSolutionNode = FALSE
	EndGlobalSection
EndGlobal
