
Microsoft Visual Studio Solution File, Format Version 11.00
# Visual Studio 2010
Project("{FAE04EC0-301F-11D3-BF4B-00C04F79EFBC}") = "ObjectOrientedLabCompleted", "ObjectOrientedLabCompleted\ObjectOrientedLabCompleted.csproj", "{50D0A7FA-50F3-4188-8FA2-69A0D950B9FF}"
EndProject
Global
	GlobalSection(SolutionConfigurationPlatforms) = preSolution
		Debug|Any CPU = Debug|Any CPU
		Release|Any CPU = Release|Any CPU
	EndGlobalSection
	GlobalSection(ProjectConfigurationPlatforms) = postSolution
		{50D0A7FA-50F3-4188-8FA2-69A0D950B9FF}.Debug|Any CPU.ActiveCfg = Debug|Any CPU
		{50D0A7FA-50F3-4188-8FA2-69A0D950B9FF}.Debug|Any CPU.Build.0 = Debug|Any CPU
		{50D0A7FA-50F3-4188-8FA2-69A0D950B9FF}.Release|Any CPU.ActiveCfg = Release|Any CPU
		{50D0A7FA-50F3-4188-8FA2-69A0D950B9FF}.Release|Any CPU.Build.0 = Release|Any CPU
	EndGlobalSection
	GlobalSection(SolutionProperties) = preSolution
		HideSolutionNode = FALSE
	EndGlobalSection
EndGlobal
