
Microsoft Visual Studio Solution File, Format Version 11.00
# Visual Studio 2010
Project("{FAE04EC0-301F-11D3-BF4B-00C04F79EFBC}") = "ArraysLabCompleted", "ArraysLabCompleted\ArraysLabCompleted.csproj", "{8BCC17EA-D6A1-4BDD-89A0-5A8EB8DAC774}"
EndProject
Global
	GlobalSection(SolutionConfigurationPlatforms) = preSolution
		Debug|Any CPU = Debug|Any CPU
		Release|Any CPU = Release|Any CPU
	EndGlobalSection
	GlobalSection(ProjectConfigurationPlatforms) = postSolution
		{8BCC17EA-D6A1-4BDD-89A0-5A8EB8DAC774}.Debug|Any CPU.ActiveCfg = Debug|Any CPU
		{8BCC17EA-D6A1-4BDD-89A0-5A8EB8DAC774}.Debug|Any CPU.Build.0 = Debug|Any CPU
		{8BCC17EA-D6A1-4BDD-89A0-5A8EB8DAC774}.Release|Any CPU.ActiveCfg = Release|Any CPU
		{8BCC17EA-D6A1-4BDD-89A0-5A8EB8DAC774}.Release|Any CPU.Build.0 = Release|Any CPU
	EndGlobalSection
	GlobalSection(SolutionProperties) = preSolution
		HideSolutionNode = FALSE
	EndGlobalSection
EndGlobal
